// !$*UTF8*$!
{
	archiveVersion = 1;
	classes = {
	};
	objectVersion = 55;
	objects = {

/* Begin PBXBuildFile section */
		6936324B2746B02400EF0550 /* AuthenticationGateway.swift in Sources */ = {isa = PBXBuildFile; fileRef = 6936324A2746B02400EF0550 /* AuthenticationGateway.swift */; };
		693632492746AFC200EF0550 /* MainContext.swift in Sources */ = {isa = PBXBuildFile; fileRef = 693632482746AFC200EF0550 /* MainContext.swift */; };
		694C0FE9273E7222005E40BC /* CleanSwiftSampleApp.swift in Sources */ = {isa = PBXBuildFile; fileRef = 694C0FE8273E7222005E40BC /* CleanSwiftSampleApp.swift */; };
		694C0FEB273E7222005E40BC /* LoginView.swift in Sources */ = {isa = PBXBuildFile; fileRef = 694C0FEA273E7222005E40BC /* LoginView.swift */; };
		694C0FED273E7223005E40BC /* Assets.xcassets in Resources */ = {isa = PBXBuildFile; fileRef = 694C0FEC273E7223005E40BC /* Assets.xcassets */; };
		694C0FF0273E7223005E40BC /* Preview Assets.xcassets in Resources */ = {isa = PBXBuildFile; fileRef = 694C0FEF273E7223005E40BC /* Preview Assets.xcassets */; };
		694C1004273E7223005E40BC /* LoginViewUITests.swift in Sources */ = {isa = PBXBuildFile; fileRef = 694C1003273E7223005E40BC /* LoginViewUITests.swift */; };
		694C1006273E7223005E40BC /* CleanSwiftSampleUITestsLaunchTests.swift in Sources */ = {isa = PBXBuildFile; fileRef = 694C1005273E7223005E40BC /* CleanSwiftSampleUITestsLaunchTests.swift */; };
		695512F92746B98F008C2365 /* LoginTests.swift in Sources */ = {isa = PBXBuildFile; fileRef = 695512F82746B98F008C2365 /* LoginTests.swift */; };
		695512FC2746B997008C2365 /* AuthenticatingVerificationMock.swift in Sources */ = {isa = PBXBuildFile; fileRef = 695512FB2746B997008C2365 /* AuthenticatingVerificationMock.swift */; };
		698549A7273E787600C75A09 /* FirebaseAuth in Frameworks */ = {isa = PBXBuildFile; productRef = 698549A6273E787600C75A09 /* FirebaseAuth */; };
		698549A9273E79ED00C75A09 /* GoogleService-Info.plist in Resources */ = {isa = PBXBuildFile; fileRef = 698549A8273E79ED00C75A09 /* GoogleService-Info.plist */; };
		698549AA273E79ED00C75A09 /* GoogleService-Info.plist in Resources */ = {isa = PBXBuildFile; fileRef = 698549A8273E79ED00C75A09 /* GoogleService-Info.plist */; };
		698549AB273E79ED00C75A09 /* GoogleService-Info.plist in Resources */ = {isa = PBXBuildFile; fileRef = 698549A8273E79ED00C75A09 /* GoogleService-Info.plist */; };
		698549AD273E82AB00C75A09 /* Authentication.swift in Sources */ = {isa = PBXBuildFile; fileRef = 698549AC273E82AB00C75A09 /* Authentication.swift */; };
		698549BE273E85E100C75A09 /* FirebaseGateway.swift in Sources */ = {isa = PBXBuildFile; fileRef = 698549BD273E85E100C75A09 /* FirebaseGateway.swift */; };
		69C93F98273E724F009BD3F6 /* README.md in Resources */ = {isa = PBXBuildFile; fileRef = 69C93F97273E724F009BD3F6 /* README.md */; };
		69D5BF762741750200AB8CC4 /* GoogleService-Info.plist in Resources */ = {isa = PBXBuildFile; fileRef = 698549A8273E79ED00C75A09 /* GoogleService-Info.plist */; };
		69D5BF7D2741755D00AB8CC4 /* FirebaseAuthenticationIntegrationTest.swift in Sources */ = {isa = PBXBuildFile; fileRef = 69D5BF7C2741755D00AB8CC4 /* FirebaseAuthenticationIntegrationTest.swift */; };
		69D5BF7F2741776100AB8CC4 /* LoginPresentationTests.swift in Sources */ = {isa = PBXBuildFile; fileRef = 69D5BF7E2741776100AB8CC4 /* LoginPresentationTests.swift */; };
		69D5BF812741784D00AB8CC4 /* LoginPresenter.swift in Sources */ = {isa = PBXBuildFile; fileRef = 69D5BF802741784D00AB8CC4 /* LoginPresenter.swift */; };
/* End PBXBuildFile section */

/* Begin PBXContainerItemProxy section */
		694C0FF6273E7223005E40BC /* PBXContainerItemProxy */ = {
			isa = PBXContainerItemProxy;
			containerPortal = 694C0FDD273E7222005E40BC /* Project object */;
			proxyType = 1;
			remoteGlobalIDString = 694C0FE4273E7222005E40BC;
			remoteInfo = CleanSwiftSample;
		};
		694C1000273E7223005E40BC /* PBXContainerItemProxy */ = {
			isa = PBXContainerItemProxy;
			containerPortal = 694C0FDD273E7222005E40BC /* Project object */;
			proxyType = 1;
			remoteGlobalIDString = 694C0FE4273E7222005E40BC;
			remoteInfo = CleanSwiftSample;
		};
		69D5BF702741750200AB8CC4 /* PBXContainerItemProxy */ = {
			isa = PBXContainerItemProxy;
			containerPortal = 694C0FDD273E7222005E40BC /* Project object */;
			proxyType = 1;
			remoteGlobalIDString = 694C0FE4273E7222005E40BC;
			remoteInfo = CleanSwiftSample;
		};
/* End PBXContainerItemProxy section */

/* Begin PBXFileReference section */
		6936324A2746B02400EF0550 /* AuthenticationGateway.swift */ = {isa = PBXFileReference; fileEncoding = 4; lastKnownFileType = sourcecode.swift; path = AuthenticationGateway.swift; sourceTree = "<group>"; };
		693632482746AFC200EF0550 /* MainContext.swift */ = {isa = PBXFileReference; fileEncoding = 4; lastKnownFileType = sourcecode.swift; path = MainContext.swift; sourceTree = "<group>"; };
		694C0FE5273E7222005E40BC /* CleanSwiftSample.app */ = {isa = PBXFileReference; explicitFileType = wrapper.application; includeInIndex = 0; path = CleanSwiftSample.app; sourceTree = BUILT_PRODUCTS_DIR; };
		694C0FE8273E7222005E40BC /* CleanSwiftSampleApp.swift */ = {isa = PBXFileReference; lastKnownFileType = sourcecode.swift; path = CleanSwiftSampleApp.swift; sourceTree = "<group>"; };
		694C0FEA273E7222005E40BC /* LoginView.swift */ = {isa = PBXFileReference; lastKnownFileType = sourcecode.swift; path = LoginView.swift; sourceTree = "<group>"; };
		694C0FEC273E7223005E40BC /* Assets.xcassets */ = {isa = PBXFileReference; lastKnownFileType = folder.assetcatalog; path = Assets.xcassets; sourceTree = "<group>"; };
		694C0FEF273E7223005E40BC /* Preview Assets.xcassets */ = {isa = PBXFileReference; lastKnownFileType = folder.assetcatalog; path = "Preview Assets.xcassets"; sourceTree = "<group>"; };
		694C0FF5273E7223005E40BC /* CleanSwiftSampleTests.xctest */ = {isa = PBXFileReference; explicitFileType = wrapper.cfbundle; includeInIndex = 0; path = CleanSwiftSampleTests.xctest; sourceTree = BUILT_PRODUCTS_DIR; };
		694C0FFF273E7223005E40BC /* CleanSwiftSampleUITests.xctest */ = {isa = PBXFileReference; explicitFileType = wrapper.cfbundle; includeInIndex = 0; path = CleanSwiftSampleUITests.xctest; sourceTree = BUILT_PRODUCTS_DIR; };
		694C1003273E7223005E40BC /* LoginViewUITests.swift */ = {isa = PBXFileReference; lastKnownFileType = sourcecode.swift; path = LoginViewUITests.swift; sourceTree = "<group>"; };
		694C1005273E7223005E40BC /* CleanSwiftSampleUITestsLaunchTests.swift */ = {isa = PBXFileReference; lastKnownFileType = sourcecode.swift; path = CleanSwiftSampleUITestsLaunchTests.swift; sourceTree = "<group>"; };
		695512F82746B98F008C2365 /* LoginTests.swift */ = {isa = PBXFileReference; fileEncoding = 4; lastKnownFileType = sourcecode.swift; path = LoginTests.swift; sourceTree = "<group>"; };
		695512FB2746B997008C2365 /* AuthenticatingVerificationMock.swift */ = {isa = PBXFileReference; fileEncoding = 4; lastKnownFileType = sourcecode.swift; path = AuthenticatingVerificationMock.swift; sourceTree = "<group>"; };
		698549A8273E79ED00C75A09 /* GoogleService-Info.plist */ = {isa = PBXFileReference; fileEncoding = 4; lastKnownFileType = text.plist.xml; path = "GoogleService-Info.plist"; sourceTree = "<group>"; };
		698549AC273E82AB00C75A09 /* Authentication.swift */ = {isa = PBXFileReference; lastKnownFileType = sourcecode.swift; path = Authentication.swift; sourceTree = "<group>"; };
		698549BD273E85E100C75A09 /* FirebaseGateway.swift */ = {isa = PBXFileReference; lastKnownFileType = sourcecode.swift; path = FirebaseGateway.swift; sourceTree = "<group>"; };
		69C93F97273E724F009BD3F6 /* README.md */ = {isa = PBXFileReference; fileEncoding = 4; lastKnownFileType = net.daringfireball.markdown; path = README.md; sourceTree = "<group>"; };
		69D5BF7A2741750200AB8CC4 /* CleanSwiftSampleIntegrationTests.xctest */ = {isa = PBXFileReference; explicitFileType = wrapper.cfbundle; includeInIndex = 0; path = CleanSwiftSampleIntegrationTests.xctest; sourceTree = BUILT_PRODUCTS_DIR; };
		69D5BF7C2741755D00AB8CC4 /* FirebaseAuthenticationIntegrationTest.swift */ = {isa = PBXFileReference; lastKnownFileType = sourcecode.swift; path = FirebaseAuthenticationIntegrationTest.swift; sourceTree = "<group>"; };
		69D5BF7E2741776100AB8CC4 /* LoginPresentationTests.swift */ = {isa = PBXFileReference; lastKnownFileType = sourcecode.swift; path = LoginPresentationTests.swift; sourceTree = "<group>"; };
		69D5BF802741784D00AB8CC4 /* LoginPresenter.swift */ = {isa = PBXFileReference; lastKnownFileType = sourcecode.swift; path = LoginPresenter.swift; sourceTree = "<group>"; };
/* End PBXFileReference section */

/* Begin PBXFrameworksBuildPhase section */
		694C0FE2273E7222005E40BC /* Frameworks */ = {
			isa = PBXFrameworksBuildPhase;
			buildActionMask = 2147483647;
			files = (
				698549A7273E787600C75A09 /* FirebaseAuth in Frameworks */,
			);
			runOnlyForDeploymentPostprocessing = 0;
		};
		694C0FF2273E7223005E40BC /* Frameworks */ = {
			isa = PBXFrameworksBuildPhase;
			buildActionMask = 2147483647;
			files = (
			);
			runOnlyForDeploymentPostprocessing = 0;
		};
		694C0FFC273E7223005E40BC /* Frameworks */ = {
			isa = PBXFrameworksBuildPhase;
			buildActionMask = 2147483647;
			files = (
			);
			runOnlyForDeploymentPostprocessing = 0;
		};
		69D5BF742741750200AB8CC4 /* Frameworks */ = {
			isa = PBXFrameworksBuildPhase;
			buildActionMask = 2147483647;
			files = (
			);
			runOnlyForDeploymentPostprocessing = 0;
		};
/* End PBXFrameworksBuildPhase section */

/* Begin PBXGroup section */
		694C0FDC273E7222005E40BC = {
			isa = PBXGroup;
			children = (
				69C93F97273E724F009BD3F6 /* README.md */,
				694C0FE7273E7222005E40BC /* CleanSwiftSample */,
				694C0FF8273E7223005E40BC /* CleanSwiftSampleTests */,
				69D5BF7B2741754000AB8CC4 /* CleanSwiftSampleIntegrationTests */,
				694C1002273E7223005E40BC /* CleanSwiftSampleUITests */,
				694C0FE6273E7222005E40BC /* Products */,
			);
			sourceTree = "<group>";
		};
		694C0FE6273E7222005E40BC /* Products */ = {
			isa = PBXGroup;
			children = (
				694C0FE5273E7222005E40BC /* CleanSwiftSample.app */,
				694C0FF5273E7223005E40BC /* CleanSwiftSampleTests.xctest */,
				694C0FFF273E7223005E40BC /* CleanSwiftSampleUITests.xctest */,
				69D5BF7A2741750200AB8CC4 /* CleanSwiftSampleIntegrationTests.xctest */,
			);
			name = Products;
			sourceTree = "<group>";
		};
		694C0FE7273E7222005E40BC /* CleanSwiftSample */ = {
			isa = PBXGroup;
			children = (
				6936324A2746B02400EF0550 /* AuthenticationGateway.swift */,
				693632482746AFC200EF0550 /* MainContext.swift */,
				698549A8273E79ED00C75A09 /* GoogleService-Info.plist */,
				694C0FE8273E7222005E40BC /* CleanSwiftSampleApp.swift */,
				694C0FEA273E7222005E40BC /* LoginView.swift */,
				694C0FEC273E7223005E40BC /* Assets.xcassets */,
				694C0FEE273E7223005E40BC /* Preview Content */,
				698549BD273E85E100C75A09 /* FirebaseGateway.swift */,
				698549AC273E82AB00C75A09 /* Authentication.swift */,
				69D5BF802741784D00AB8CC4 /* LoginPresenter.swift */,
			);
			path = CleanSwiftSample;
			sourceTree = "<group>";
		};
		694C0FEE273E7223005E40BC /* Preview Content */ = {
			isa = PBXGroup;
			children = (
				694C0FEF273E7223005E40BC /* Preview Assets.xcassets */,
			);
			path = "Preview Content";
			sourceTree = "<group>";
		};
		694C0FF8273E7223005E40BC /* CleanSwiftSampleTests */ = {
			isa = PBXGroup;
			children = (
				695512FA2746B997008C2365 /* Doubles */,
				695512F82746B98F008C2365 /* LoginTests.swift */,
				69D5BF7E2741776100AB8CC4 /* LoginPresentationTests.swift */,
			);
			path = CleanSwiftSampleTests;
			sourceTree = "<group>";
		};
		694C1002273E7223005E40BC /* CleanSwiftSampleUITests */ = {
			isa = PBXGroup;
			children = (
				694C1003273E7223005E40BC /* LoginViewUITests.swift */,
				694C1005273E7223005E40BC /* CleanSwiftSampleUITestsLaunchTests.swift */,
			);
			path = CleanSwiftSampleUITests;
			sourceTree = "<group>";
		};
		695512FA2746B997008C2365 /* Doubles */ = {
			isa = PBXGroup;
			children = (
				695512FB2746B997008C2365 /* AuthenticatingVerificationMock.swift */,
			);
			path = Doubles;
			sourceTree = "<group>";
		};
		69D5BF7B2741754000AB8CC4 /* CleanSwiftSampleIntegrationTests */ = {
			isa = PBXGroup;
			children = (
				69D5BF7C2741755D00AB8CC4 /* FirebaseAuthenticationIntegrationTest.swift */,
			);
			path = CleanSwiftSampleIntegrationTests;
			sourceTree = "<group>";
		};
/* End PBXGroup section */

/* Begin PBXNativeTarget section */
		694C0FE4273E7222005E40BC /* CleanSwiftSample */ = {
			isa = PBXNativeTarget;
			buildConfigurationList = 694C1009273E7223005E40BC /* Build configuration list for PBXNativeTarget "CleanSwiftSample" */;
			buildPhases = (
				694C0FE1273E7222005E40BC /* Sources */,
				694C0FE2273E7222005E40BC /* Frameworks */,
				694C0FE3273E7222005E40BC /* Resources */,
			);
			buildRules = (
			);
			dependencies = (
			);
			name = CleanSwiftSample;
			packageProductDependencies = (
				698549A6273E787600C75A09 /* FirebaseAuth */,
			);
			productName = CleanSwiftSample;
			productReference = 694C0FE5273E7222005E40BC /* CleanSwiftSample.app */;
			productType = "com.apple.product-type.application";
		};
		694C0FF4273E7223005E40BC /* CleanSwiftSampleTests */ = {
			isa = PBXNativeTarget;
			buildConfigurationList = 694C100C273E7223005E40BC /* Build configuration list for PBXNativeTarget "CleanSwiftSampleTests" */;
			buildPhases = (
				694C0FF1273E7223005E40BC /* Sources */,
				694C0FF2273E7223005E40BC /* Frameworks */,
				694C0FF3273E7223005E40BC /* Resources */,
			);
			buildRules = (
			);
			dependencies = (
				694C0FF7273E7223005E40BC /* PBXTargetDependency */,
			);
			name = CleanSwiftSampleTests;
			productName = CleanSwiftSampleTests;
			productReference = 694C0FF5273E7223005E40BC /* CleanSwiftSampleTests.xctest */;
			productType = "com.apple.product-type.bundle.unit-test";
		};
		694C0FFE273E7223005E40BC /* CleanSwiftSampleUITests */ = {
			isa = PBXNativeTarget;
			buildConfigurationList = 694C100F273E7223005E40BC /* Build configuration list for PBXNativeTarget "CleanSwiftSampleUITests" */;
			buildPhases = (
				694C0FFB273E7223005E40BC /* Sources */,
				694C0FFC273E7223005E40BC /* Frameworks */,
				694C0FFD273E7223005E40BC /* Resources */,
			);
			buildRules = (
			);
			dependencies = (
				694C1001273E7223005E40BC /* PBXTargetDependency */,
			);
			name = CleanSwiftSampleUITests;
			productName = CleanSwiftSampleUITests;
			productReference = 694C0FFF273E7223005E40BC /* CleanSwiftSampleUITests.xctest */;
			productType = "com.apple.product-type.bundle.ui-testing";
		};
		69D5BF6E2741750200AB8CC4 /* CleanSwiftSampleIntegrationTests */ = {
			isa = PBXNativeTarget;
			buildConfigurationList = 69D5BF772741750200AB8CC4 /* Build configuration list for PBXNativeTarget "CleanSwiftSampleIntegrationTests" */;
			buildPhases = (
				69D5BF712741750200AB8CC4 /* Sources */,
				69D5BF742741750200AB8CC4 /* Frameworks */,
				69D5BF752741750200AB8CC4 /* Resources */,
			);
			buildRules = (
			);
			dependencies = (
				69D5BF6F2741750200AB8CC4 /* PBXTargetDependency */,
			);
			name = CleanSwiftSampleIntegrationTests;
			productName = CleanSwiftSampleTests;
			productReference = 69D5BF7A2741750200AB8CC4 /* CleanSwiftSampleIntegrationTests.xctest */;
			productType = "com.apple.product-type.bundle.unit-test";
		};
/* End PBXNativeTarget section */

/* Begin PBXProject section */
		694C0FDD273E7222005E40BC /* Project object */ = {
			isa = PBXProject;
			attributes = {
				BuildIndependentTargetsInParallel = 1;
				LastSwiftUpdateCheck = 1310;
				LastUpgradeCheck = 1310;
				TargetAttributes = {
					694C0FE4273E7222005E40BC = {
						CreatedOnToolsVersion = 13.1;
					};
					694C0FF4273E7223005E40BC = {
						CreatedOnToolsVersion = 13.1;
						LastSwiftMigration = 1310;
						TestTargetID = 694C0FE4273E7222005E40BC;
					};
					694C0FFE273E7223005E40BC = {
						CreatedOnToolsVersion = 13.1;
						TestTargetID = 694C0FE4273E7222005E40BC;
					};
					69D5BF6E2741750200AB8CC4 = {
						LastSwiftMigration = 1310;
					};
				};
			};
			buildConfigurationList = 694C0FE0273E7222005E40BC /* Build configuration list for PBXProject "CleanSwiftSample" */;
			compatibilityVersion = "Xcode 13.0";
			developmentRegion = en;
			hasScannedForEncodings = 0;
			knownRegions = (
				en,
				Base,
			);
			mainGroup = 694C0FDC273E7222005E40BC;
			packageReferences = (
				698549A5273E787600C75A09 /* XCRemoteSwiftPackageReference "firebase-ios-sdk" */,
			);
			productRefGroup = 694C0FE6273E7222005E40BC /* Products */;
			projectDirPath = "";
			projectRoot = "";
			targets = (
				694C0FE4273E7222005E40BC /* CleanSwiftSample */,
				694C0FF4273E7223005E40BC /* CleanSwiftSampleTests */,
				694C0FFE273E7223005E40BC /* CleanSwiftSampleUITests */,
				69D5BF6E2741750200AB8CC4 /* CleanSwiftSampleIntegrationTests */,
			);
		};
/* End PBXProject section */

/* Begin PBXResourcesBuildPhase section */
		694C0FE3273E7222005E40BC /* Resources */ = {
			isa = PBXResourcesBuildPhase;
			buildActionMask = 2147483647;
			files = (
				69C93F98273E724F009BD3F6 /* README.md in Resources */,
				698549A9273E79ED00C75A09 /* GoogleService-Info.plist in Resources */,
				694C0FF0273E7223005E40BC /* Preview Assets.xcassets in Resources */,
				694C0FED273E7223005E40BC /* Assets.xcassets in Resources */,
			);
			runOnlyForDeploymentPostprocessing = 0;
		};
		694C0FF3273E7223005E40BC /* Resources */ = {
			isa = PBXResourcesBuildPhase;
			buildActionMask = 2147483647;
			files = (
				698549AA273E79ED00C75A09 /* GoogleService-Info.plist in Resources */,
			);
			runOnlyForDeploymentPostprocessing = 0;
		};
		694C0FFD273E7223005E40BC /* Resources */ = {
			isa = PBXResourcesBuildPhase;
			buildActionMask = 2147483647;
			files = (
				698549AB273E79ED00C75A09 /* GoogleService-Info.plist in Resources */,
			);
			runOnlyForDeploymentPostprocessing = 0;
		};
		69D5BF752741750200AB8CC4 /* Resources */ = {
			isa = PBXResourcesBuildPhase;
			buildActionMask = 2147483647;
			files = (
				69D5BF762741750200AB8CC4 /* GoogleService-Info.plist in Resources */,
			);
			runOnlyForDeploymentPostprocessing = 0;
		};
/* End PBXResourcesBuildPhase section */

/* Begin PBXSourcesBuildPhase section */
		694C0FE1273E7222005E40BC /* Sources */ = {
			isa = PBXSourcesBuildPhase;
			buildActionMask = 2147483647;
			files = (
				693632492746AFC200EF0550 /* MainContext.swift in Sources */,
				698549BE273E85E100C75A09 /* FirebaseGateway.swift in Sources */,
				69D5BF812741784D00AB8CC4 /* LoginPresenter.swift in Sources */,
				694C0FEB273E7222005E40BC /* LoginView.swift in Sources */,
				694C0FE9273E7222005E40BC /* CleanSwiftSampleApp.swift in Sources */,
				6936324B2746B02400EF0550 /* AuthenticationGateway.swift in Sources */,
				698549AD273E82AB00C75A09 /* Authentication.swift in Sources */,
			);
			runOnlyForDeploymentPostprocessing = 0;
		};
		694C0FF1273E7223005E40BC /* Sources */ = {
			isa = PBXSourcesBuildPhase;
			buildActionMask = 2147483647;
			files = (
				695512FC2746B997008C2365 /* AuthenticatingVerificationMock.swift in Sources */,
				695512F92746B98F008C2365 /* LoginTests.swift in Sources */,
				69D5BF7F2741776100AB8CC4 /* LoginPresentationTests.swift in Sources */,
			);
			runOnlyForDeploymentPostprocessing = 0;
		};
		694C0FFB273E7223005E40BC /* Sources */ = {
			isa = PBXSourcesBuildPhase;
			buildActionMask = 2147483647;
			files = (
				694C1006273E7223005E40BC /* CleanSwiftSampleUITestsLaunchTests.swift in Sources */,
				694C1004273E7223005E40BC /* LoginViewUITests.swift in Sources */,
			);
			runOnlyForDeploymentPostprocessing = 0;
		};
		69D5BF712741750200AB8CC4 /* Sources */ = {
			isa = PBXSourcesBuildPhase;
			buildActionMask = 2147483647;
			files = (
				69D5BF7D2741755D00AB8CC4 /* FirebaseAuthenticationIntegrationTest.swift in Sources */,
			);
			runOnlyForDeploymentPostprocessing = 0;
		};
/* End PBXSourcesBuildPhase section */

/* Begin PBXTargetDependency section */
		694C0FF7273E7223005E40BC /* PBXTargetDependency */ = {
			isa = PBXTargetDependency;
			target = 694C0FE4273E7222005E40BC /* CleanSwiftSample */;
			targetProxy = 694C0FF6273E7223005E40BC /* PBXContainerItemProxy */;
		};
		694C1001273E7223005E40BC /* PBXTargetDependency */ = {
			isa = PBXTargetDependency;
			target = 694C0FE4273E7222005E40BC /* CleanSwiftSample */;
			targetProxy = 694C1000273E7223005E40BC /* PBXContainerItemProxy */;
		};
		69D5BF6F2741750200AB8CC4 /* PBXTargetDependency */ = {
			isa = PBXTargetDependency;
			target = 694C0FE4273E7222005E40BC /* CleanSwiftSample */;
			targetProxy = 69D5BF702741750200AB8CC4 /* PBXContainerItemProxy */;
		};
/* End PBXTargetDependency section */

/* Begin XCBuildConfiguration section */
		694C1007273E7223005E40BC /* Debug */ = {
			isa = XCBuildConfiguration;
			buildSettings = {
				ALWAYS_SEARCH_USER_PATHS = NO;
				CLANG_ANALYZER_NONNULL = YES;
				CLANG_ANALYZER_NUMBER_OBJECT_CONVERSION = YES_AGGRESSIVE;
				CLANG_CXX_LANGUAGE_STANDARD = "gnu++17";
				CLANG_CXX_LIBRARY = "libc++";
				CLANG_ENABLE_MODULES = YES;
				CLANG_ENABLE_OBJC_ARC = YES;
				CLANG_ENABLE_OBJC_WEAK = YES;
				CLANG_WARN_BLOCK_CAPTURE_AUTORELEASING = YES;
				CLANG_WARN_BOOL_CONVERSION = YES;
				CLANG_WARN_COMMA = YES;
				CLANG_WARN_CONSTANT_CONVERSION = YES;
				CLANG_WARN_DEPRECATED_OBJC_IMPLEMENTATIONS = YES;
				CLANG_WARN_DIRECT_OBJC_ISA_USAGE = YES_ERROR;
				CLANG_WARN_DOCUMENTATION_COMMENTS = YES;
				CLANG_WARN_EMPTY_BODY = YES;
				CLANG_WARN_ENUM_CONVERSION = YES;
				CLANG_WARN_INFINITE_RECURSION = YES;
				CLANG_WARN_INT_CONVERSION = YES;
				CLANG_WARN_NON_LITERAL_NULL_CONVERSION = YES;
				CLANG_WARN_OBJC_IMPLICIT_RETAIN_SELF = YES;
				CLANG_WARN_OBJC_LITERAL_CONVERSION = YES;
				CLANG_WARN_OBJC_ROOT_CLASS = YES_ERROR;
				CLANG_WARN_QUOTED_INCLUDE_IN_FRAMEWORK_HEADER = YES;
				CLANG_WARN_RANGE_LOOP_ANALYSIS = YES;
				CLANG_WARN_STRICT_PROTOTYPES = YES;
				CLANG_WARN_SUSPICIOUS_MOVE = YES;
				CLANG_WARN_UNGUARDED_AVAILABILITY = YES_AGGRESSIVE;
				CLANG_WARN_UNREACHABLE_CODE = YES;
				CLANG_WARN__DUPLICATE_METHOD_MATCH = YES;
				COPY_PHASE_STRIP = NO;
				DEBUG_INFORMATION_FORMAT = dwarf;
				ENABLE_STRICT_OBJC_MSGSEND = YES;
				ENABLE_TESTABILITY = YES;
				GCC_C_LANGUAGE_STANDARD = gnu11;
				GCC_DYNAMIC_NO_PIC = NO;
				GCC_NO_COMMON_BLOCKS = YES;
				GCC_OPTIMIZATION_LEVEL = 0;
				GCC_PREPROCESSOR_DEFINITIONS = (
					"DEBUG=1",
					"$(inherited)",
				);
				GCC_WARN_64_TO_32_BIT_CONVERSION = YES;
				GCC_WARN_ABOUT_RETURN_TYPE = YES_ERROR;
				GCC_WARN_UNDECLARED_SELECTOR = YES;
				GCC_WARN_UNINITIALIZED_AUTOS = YES_AGGRESSIVE;
				GCC_WARN_UNUSED_FUNCTION = YES;
				GCC_WARN_UNUSED_VARIABLE = YES;
				IPHONEOS_DEPLOYMENT_TARGET = 15.0;
				MTL_ENABLE_DEBUG_INFO = INCLUDE_SOURCE;
				MTL_FAST_MATH = YES;
				ONLY_ACTIVE_ARCH = YES;
				SDKROOT = iphoneos;
				SWIFT_ACTIVE_COMPILATION_CONDITIONS = DEBUG;
				SWIFT_OPTIMIZATION_LEVEL = "-Onone";
			};
			name = Debug;
		};
		694C1008273E7223005E40BC /* Release */ = {
			isa = XCBuildConfiguration;
			buildSettings = {
				ALWAYS_SEARCH_USER_PATHS = NO;
				CLANG_ANALYZER_NONNULL = YES;
				CLANG_ANALYZER_NUMBER_OBJECT_CONVERSION = YES_AGGRESSIVE;
				CLANG_CXX_LANGUAGE_STANDARD = "gnu++17";
				CLANG_CXX_LIBRARY = "libc++";
				CLANG_ENABLE_MODULES = YES;
				CLANG_ENABLE_OBJC_ARC = YES;
				CLANG_ENABLE_OBJC_WEAK = YES;
				CLANG_WARN_BLOCK_CAPTURE_AUTORELEASING = YES;
				CLANG_WARN_BOOL_CONVERSION = YES;
				CLANG_WARN_COMMA = YES;
				CLANG_WARN_CONSTANT_CONVERSION = YES;
				CLANG_WARN_DEPRECATED_OBJC_IMPLEMENTATIONS = YES;
				CLANG_WARN_DIRECT_OBJC_ISA_USAGE = YES_ERROR;
				CLANG_WARN_DOCUMENTATION_COMMENTS = YES;
				CLANG_WARN_EMPTY_BODY = YES;
				CLANG_WARN_ENUM_CONVERSION = YES;
				CLANG_WARN_INFINITE_RECURSION = YES;
				CLANG_WARN_INT_CONVERSION = YES;
				CLANG_WARN_NON_LITERAL_NULL_CONVERSION = YES;
				CLANG_WARN_OBJC_IMPLICIT_RETAIN_SELF = YES;
				CLANG_WARN_OBJC_LITERAL_CONVERSION = YES;
				CLANG_WARN_OBJC_ROOT_CLASS = YES_ERROR;
				CLANG_WARN_QUOTED_INCLUDE_IN_FRAMEWORK_HEADER = YES;
				CLANG_WARN_RANGE_LOOP_ANALYSIS = YES;
				CLANG_WARN_STRICT_PROTOTYPES = YES;
				CLANG_WARN_SUSPICIOUS_MOVE = YES;
				CLANG_WARN_UNGUARDED_AVAILABILITY = YES_AGGRESSIVE;
				CLANG_WARN_UNREACHABLE_CODE = YES;
				CLANG_WARN__DUPLICATE_METHOD_MATCH = YES;
				COPY_PHASE_STRIP = NO;
				DEBUG_INFORMATION_FORMAT = "dwarf-with-dsym";
				ENABLE_NS_ASSERTIONS = NO;
				ENABLE_STRICT_OBJC_MSGSEND = YES;
				GCC_C_LANGUAGE_STANDARD = gnu11;
				GCC_NO_COMMON_BLOCKS = YES;
				GCC_WARN_64_TO_32_BIT_CONVERSION = YES;
				GCC_WARN_ABOUT_RETURN_TYPE = YES_ERROR;
				GCC_WARN_UNDECLARED_SELECTOR = YES;
				GCC_WARN_UNINITIALIZED_AUTOS = YES_AGGRESSIVE;
				GCC_WARN_UNUSED_FUNCTION = YES;
				GCC_WARN_UNUSED_VARIABLE = YES;
				IPHONEOS_DEPLOYMENT_TARGET = 15.0;
				MTL_ENABLE_DEBUG_INFO = NO;
				MTL_FAST_MATH = YES;
				SDKROOT = iphoneos;
				SWIFT_COMPILATION_MODE = wholemodule;
				SWIFT_OPTIMIZATION_LEVEL = "-O";
				VALIDATE_PRODUCT = YES;
			};
			name = Release;
		};
		694C100A273E7223005E40BC /* Debug */ = {
			isa = XCBuildConfiguration;
			buildSettings = {
				ASSETCATALOG_COMPILER_APPICON_NAME = AppIcon;
				ASSETCATALOG_COMPILER_GLOBAL_ACCENT_COLOR_NAME = AccentColor;
				CODE_SIGN_STYLE = Automatic;
				CURRENT_PROJECT_VERSION = 1;
				DEVELOPMENT_ASSET_PATHS = "\"CleanSwiftSample/Preview Content\"";
				ENABLE_PREVIEWS = YES;
				GENERATE_INFOPLIST_FILE = YES;
				INFOPLIST_KEY_UIApplicationSceneManifest_Generation = YES;
				INFOPLIST_KEY_UIApplicationSupportsIndirectInputEvents = YES;
				INFOPLIST_KEY_UILaunchScreen_Generation = YES;
				INFOPLIST_KEY_UISupportedInterfaceOrientations_iPad = "UIInterfaceOrientationPortrait UIInterfaceOrientationPortraitUpsideDown UIInterfaceOrientationLandscapeLeft UIInterfaceOrientationLandscapeRight";
				INFOPLIST_KEY_UISupportedInterfaceOrientations_iPhone = "UIInterfaceOrientationPortrait UIInterfaceOrientationLandscapeLeft UIInterfaceOrientationLandscapeRight";
				LD_RUNPATH_SEARCH_PATHS = (
					"$(inherited)",
					"@executable_path/Frameworks",
				);
				MARKETING_VERSION = 1.0;
				PRODUCT_BUNDLE_IDENTIFIER = so.clean.CleanSwiftSample;
				PRODUCT_NAME = "$(TARGET_NAME)";
				SWIFT_EMIT_LOC_STRINGS = YES;
				SWIFT_VERSION = 5.0;
				TARGETED_DEVICE_FAMILY = "1,2";
			};
			name = Debug;
		};
		694C100B273E7223005E40BC /* Release */ = {
			isa = XCBuildConfiguration;
			buildSettings = {
				ASSETCATALOG_COMPILER_APPICON_NAME = AppIcon;
				ASSETCATALOG_COMPILER_GLOBAL_ACCENT_COLOR_NAME = AccentColor;
				CODE_SIGN_STYLE = Automatic;
				CURRENT_PROJECT_VERSION = 1;
				DEVELOPMENT_ASSET_PATHS = "\"CleanSwiftSample/Preview Content\"";
				ENABLE_PREVIEWS = YES;
				GENERATE_INFOPLIST_FILE = YES;
				INFOPLIST_KEY_UIApplicationSceneManifest_Generation = YES;
				INFOPLIST_KEY_UIApplicationSupportsIndirectInputEvents = YES;
				INFOPLIST_KEY_UILaunchScreen_Generation = YES;
				INFOPLIST_KEY_UISupportedInterfaceOrientations_iPad = "UIInterfaceOrientationPortrait UIInterfaceOrientationPortraitUpsideDown UIInterfaceOrientationLandscapeLeft UIInterfaceOrientationLandscapeRight";
				INFOPLIST_KEY_UISupportedInterfaceOrientations_iPhone = "UIInterfaceOrientationPortrait UIInterfaceOrientationLandscapeLeft UIInterfaceOrientationLandscapeRight";
				LD_RUNPATH_SEARCH_PATHS = (
					"$(inherited)",
					"@executable_path/Frameworks",
				);
				MARKETING_VERSION = 1.0;
				PRODUCT_BUNDLE_IDENTIFIER = so.clean.CleanSwiftSample;
				PRODUCT_NAME = "$(TARGET_NAME)";
				SWIFT_EMIT_LOC_STRINGS = YES;
				SWIFT_VERSION = 5.0;
				TARGETED_DEVICE_FAMILY = "1,2";
			};
			name = Release;
		};
		694C100D273E7223005E40BC /* Debug */ = {
			isa = XCBuildConfiguration;
			buildSettings = {
				ALWAYS_EMBED_SWIFT_STANDARD_LIBRARIES = YES;
				BUNDLE_LOADER = "$(TEST_HOST)";
				CLANG_ENABLE_MODULES = YES;
				CODE_SIGN_STYLE = Automatic;
				CURRENT_PROJECT_VERSION = 1;
				GENERATE_INFOPLIST_FILE = YES;
				IPHONEOS_DEPLOYMENT_TARGET = 15.0;
				LD_RUNPATH_SEARCH_PATHS = (
					"$(inherited)",
					"@executable_path/Frameworks",
					"@loader_path/Frameworks",
				);
				MARKETING_VERSION = 1.0;
				PRODUCT_BUNDLE_IDENTIFIER = so.clean.CleanSwiftSampleTests;
				PRODUCT_NAME = "$(TARGET_NAME)";
				SWIFT_EMIT_LOC_STRINGS = NO;
				SWIFT_OPTIMIZATION_LEVEL = "-Onone";
				SWIFT_VERSION = 5.0;
				TARGETED_DEVICE_FAMILY = "1,2";
				TEST_HOST = "$(BUILT_PRODUCTS_DIR)/CleanSwiftSample.app/CleanSwiftSample";
			};
			name = Debug;
		};
		694C100E273E7223005E40BC /* Release */ = {
			isa = XCBuildConfiguration;
			buildSettings = {
				ALWAYS_EMBED_SWIFT_STANDARD_LIBRARIES = YES;
				BUNDLE_LOADER = "$(TEST_HOST)";
				CLANG_ENABLE_MODULES = YES;
				CODE_SIGN_STYLE = Automatic;
				CURRENT_PROJECT_VERSION = 1;
				GENERATE_INFOPLIST_FILE = YES;
				IPHONEOS_DEPLOYMENT_TARGET = 15.0;
				LD_RUNPATH_SEARCH_PATHS = (
					"$(inherited)",
					"@executable_path/Frameworks",
					"@loader_path/Frameworks",
				);
				MARKETING_VERSION = 1.0;
				PRODUCT_BUNDLE_IDENTIFIER = so.clean.CleanSwiftSampleTests;
				PRODUCT_NAME = "$(TARGET_NAME)";
				SWIFT_EMIT_LOC_STRINGS = NO;
				SWIFT_VERSION = 5.0;
				TARGETED_DEVICE_FAMILY = "1,2";
				TEST_HOST = "$(BUILT_PRODUCTS_DIR)/CleanSwiftSample.app/CleanSwiftSample";
			};
			name = Release;
		};
		694C1010273E7223005E40BC /* Debug */ = {
			isa = XCBuildConfiguration;
			buildSettings = {
				ALWAYS_EMBED_SWIFT_STANDARD_LIBRARIES = YES;
				CODE_SIGN_STYLE = Automatic;
				CURRENT_PROJECT_VERSION = 1;
				GENERATE_INFOPLIST_FILE = YES;
				LD_RUNPATH_SEARCH_PATHS = (
					"$(inherited)",
					"@executable_path/Frameworks",
					"@loader_path/Frameworks",
				);
				MARKETING_VERSION = 1.0;
				PRODUCT_BUNDLE_IDENTIFIER = so.clean.CleanSwiftSampleUITests;
				PRODUCT_NAME = "$(TARGET_NAME)";
				SWIFT_EMIT_LOC_STRINGS = NO;
				SWIFT_VERSION = 5.0;
				TARGETED_DEVICE_FAMILY = "1,2";
				TEST_TARGET_NAME = CleanSwiftSample;
			};
			name = Debug;
		};
		694C1011273E7223005E40BC /* Release */ = {
			isa = XCBuildConfiguration;
			buildSettings = {
				ALWAYS_EMBED_SWIFT_STANDARD_LIBRARIES = YES;
				CODE_SIGN_STYLE = Automatic;
				CURRENT_PROJECT_VERSION = 1;
				GENERATE_INFOPLIST_FILE = YES;
				LD_RUNPATH_SEARCH_PATHS = (
					"$(inherited)",
					"@executable_path/Frameworks",
					"@loader_path/Frameworks",
				);
				MARKETING_VERSION = 1.0;
				PRODUCT_BUNDLE_IDENTIFIER = so.clean.CleanSwiftSampleUITests;
				PRODUCT_NAME = "$(TARGET_NAME)";
				SWIFT_EMIT_LOC_STRINGS = NO;
				SWIFT_VERSION = 5.0;
				TARGETED_DEVICE_FAMILY = "1,2";
				TEST_TARGET_NAME = CleanSwiftSample;
			};
			name = Release;
		};
		69D5BF782741750200AB8CC4 /* Debug */ = {
			isa = XCBuildConfiguration;
			buildSettings = {
				ALWAYS_EMBED_SWIFT_STANDARD_LIBRARIES = YES;
				BUNDLE_LOADER = "$(TEST_HOST)";
				CLANG_ENABLE_MODULES = YES;
				CODE_SIGN_STYLE = Automatic;
				CURRENT_PROJECT_VERSION = 1;
				GENERATE_INFOPLIST_FILE = YES;
				IPHONEOS_DEPLOYMENT_TARGET = 15.0;
				LD_RUNPATH_SEARCH_PATHS = (
					"$(inherited)",
					"@executable_path/Frameworks",
					"@loader_path/Frameworks",
				);
				MARKETING_VERSION = 1.0;
				PRODUCT_BUNDLE_IDENTIFIER = so.clean.CleanSwiftSampleTests;
				PRODUCT_NAME = "$(TARGET_NAME)";
				SWIFT_EMIT_LOC_STRINGS = NO;
				SWIFT_OPTIMIZATION_LEVEL = "-Onone";
				SWIFT_VERSION = 5.0;
				TARGETED_DEVICE_FAMILY = "1,2";
				TEST_HOST = "$(BUILT_PRODUCTS_DIR)/CleanSwiftSample.app/CleanSwiftSample";
			};
			name = Debug;
		};
		69D5BF792741750200AB8CC4 /* Release */ = {
			isa = XCBuildConfiguration;
			buildSettings = {
				ALWAYS_EMBED_SWIFT_STANDARD_LIBRARIES = YES;
				BUNDLE_LOADER = "$(TEST_HOST)";
				CLANG_ENABLE_MODULES = YES;
				CODE_SIGN_STYLE = Automatic;
				CURRENT_PROJECT_VERSION = 1;
				GENERATE_INFOPLIST_FILE = YES;
				IPHONEOS_DEPLOYMENT_TARGET = 15.0;
				LD_RUNPATH_SEARCH_PATHS = (
					"$(inherited)",
					"@executable_path/Frameworks",
					"@loader_path/Frameworks",
				);
				MARKETING_VERSION = 1.0;
				PRODUCT_BUNDLE_IDENTIFIER = so.clean.CleanSwiftSampleTests;
				PRODUCT_NAME = "$(TARGET_NAME)";
				SWIFT_EMIT_LOC_STRINGS = NO;
				SWIFT_VERSION = 5.0;
				TARGETED_DEVICE_FAMILY = "1,2";
				TEST_HOST = "$(BUILT_PRODUCTS_DIR)/CleanSwiftSample.app/CleanSwiftSample";
			};
			name = Release;
		};
/* End XCBuildConfiguration section */

/* Begin XCConfigurationList section */
		694C0FE0273E7222005E40BC /* Build configuration list for PBXProject "CleanSwiftSample" */ = {
			isa = XCConfigurationList;
			buildConfigurations = (
				694C1007273E7223005E40BC /* Debug */,
				694C1008273E7223005E40BC /* Release */,
			);
			defaultConfigurationIsVisible = 0;
			defaultConfigurationName = Release;
		};
		694C1009273E7223005E40BC /* Build configuration list for PBXNativeTarget "CleanSwiftSample" */ = {
			isa = XCConfigurationList;
			buildConfigurations = (
				694C100A273E7223005E40BC /* Debug */,
				694C100B273E7223005E40BC /* Release */,
			);
			defaultConfigurationIsVisible = 0;
			defaultConfigurationName = Release;
		};
		694C100C273E7223005E40BC /* Build configuration list for PBXNativeTarget "CleanSwiftSampleTests" */ = {
			isa = XCConfigurationList;
			buildConfigurations = (
				694C100D273E7223005E40BC /* Debug */,
				694C100E273E7223005E40BC /* Release */,
			);
			defaultConfigurationIsVisible = 0;
			defaultConfigurationName = Release;
		};
		694C100F273E7223005E40BC /* Build configuration list for PBXNativeTarget "CleanSwiftSampleUITests" */ = {
			isa = XCConfigurationList;
			buildConfigurations = (
				694C1010273E7223005E40BC /* Debug */,
				694C1011273E7223005E40BC /* Release */,
			);
			defaultConfigurationIsVisible = 0;
			defaultConfigurationName = Release;
		};
		69D5BF772741750200AB8CC4 /* Build configuration list for PBXNativeTarget "CleanSwiftSampleIntegrationTests" */ = {
			isa = XCConfigurationList;
			buildConfigurations = (
				69D5BF782741750200AB8CC4 /* Debug */,
				69D5BF792741750200AB8CC4 /* Release */,
			);
			defaultConfigurationIsVisible = 0;
			defaultConfigurationName = Release;
		};
/* End XCConfigurationList section */

/* Begin XCRemoteSwiftPackageReference section */
		698549A5273E787600C75A09 /* XCRemoteSwiftPackageReference "firebase-ios-sdk" */ = {
			isa = XCRemoteSwiftPackageReference;
			repositoryURL = "https://github.com/firebase/firebase-ios-sdk";
			requirement = {
				kind = upToNextMajorVersion;
				minimumVersion = 8.0.0;
			};
		};
/* End XCRemoteSwiftPackageReference section */

/* Begin XCSwiftPackageProductDependency section */
		698549A6273E787600C75A09 /* FirebaseAuth */ = {
			isa = XCSwiftPackageProductDependency;
			package = 698549A5273E787600C75A09 /* XCRemoteSwiftPackageReference "firebase-ios-sdk" */;
			productName = FirebaseAuth;
		};
/* End XCSwiftPackageProductDependency section */
	};
	rootObject = 694C0FDD273E7222005E40BC /* Project object */;
}
